
Microsoft Visual Studio Solution File, Format Version 12.00
# Visual Studio Version 17
VisualStudioVersion = 17.13.35828.75
MinimumVisualStudioVersion = 10.0.40219.1
Project("{FAE04EC0-301F-11D3-BF4B-00C04F79EFBC}") = "Hashi.Gui", "Gui\Hashi.Gui\Hashi.Gui.csproj", "{E261B679-C699-4924-84CC-C378F28B343B}"
EndProject
Project("{FAE04EC0-301F-11D3-BF4B-00C04F79EFBC}") = "Hashi.Gui.Test", "Tests\Hashi.Gui.Test\Hashi.Gui.Test.csproj", "{2502E7E1-41CE-45B0-BD0A-9616DCDE26DB}"
EndProject
Project("{FAE04EC0-301F-11D3-BF4B-00C04F79EFBC}") = "Hashi.Generator", "Generator\Hashi.Generator\Hashi.Generator.csproj", "{7A045235-E054-452A-BD97-30F822BDD7C2}"
EndProject
Project("{FAE04EC0-301F-11D3-BF4B-00C04F79EFBC}") = "Hashi.LinearSolver", "Solver\Hashi.LinearSolver\Hashi.LinearSolver.csproj", "{825D7380-046A-4681-9735-7F2EA738CD51}"
EndProject
Project("{FAE04EC0-301F-11D3-BF4B-00C04F79EFBC}") = "Hashi.SolvedPuzzles", "PuzzleLoader\Hashi.SolvedPuzzles\Hashi.SolvedPuzzles.csproj", "{99E1562C-4D9E-4313-A87D-2D7BED690008}"
EndProject
Project("{FAE04EC0-301F-11D3-BF4B-00C04F79EFBC}") = "Hashi.Gui.Interfaces", "Gui\Hashi.Gui.Interfaces\Hashi.Gui.Interfaces.csproj", "{0C07F4E6-3E1E-4EAA-A646-406E2E15D2F8}"
EndProject
Project("{FAE04EC0-301F-11D3-BF4B-00C04F79EFBC}") = "Hashi.Enums", "Enums\Hashi.Enums\Hashi.Enums.csproj", "{C64A9C52-8169-41AA-9753-2BC014E5AF11}"
EndProject
Project("{FAE04EC0-301F-11D3-BF4B-00C04F79EFBC}") = "Hashi.Generator.Interfaces", "Generator\Hashi.Generator.Interfaces\Hashi.Generator.Interfaces.csproj", "{A794D50F-2EE3-4A52-BE5A-9D04FDF561A3}"
EndProject
Project("{FAE04EC0-301F-11D3-BF4B-00C04F79EFBC}") = "Hashi.LinearSolver.Interfaces", "Solver\Hashi.LinearSolver.Interfaces\Hashi.LinearSolver.Interfaces.csproj", "{25DC01CE-BB3C-46BD-905F-D3AE47B10044}"
EndProject
Project("{FAE04EC0-301F-11D3-BF4B-00C04F79EFBC}") = "Hashi.Generator.Test", "Tests\Hashi.Generator.Test\Hashi.Generator.Test.csproj", "{2825EA8C-3D3B-4943-B121-1598EB4D1E98}"
EndProject
Project("{FAE04EC0-301F-11D3-BF4B-00C04F79EFBC}") = "Hashi.SolvedPuzzles.Test", "Tests\Hashi.SolvedPuzzles.Test\Hashi.SolvedPuzzles.Test.csproj", "{05DD818A-5668-4DD3-9756-3CEA69A9B146}"
EndProject
Project("{2150E333-8FDC-42A3-9474-1A3956D46DE8}") = "Generator", "Generator", "{02EA681E-C7D8-13C7-8484-4AC65E1B71E8}"
EndProject
Project("{2150E333-8FDC-42A3-9474-1A3956D46DE8}") = "Solver", "Solver", "{A4970D87-F080-47AC-9650-8B40B25F6897}"
EndProject
Project("{2150E333-8FDC-42A3-9474-1A3956D46DE8}") = "Gui", "Gui", "{42E32D24-C908-4867-963C-F9C5D42BFB8E}"
EndProject
Project("{2150E333-8FDC-42A3-9474-1A3956D46DE8}") = "PuzzleLoader", "PuzzleLoader", "{5C707C29-0CBF-454F-A848-87EDDEC2F0AE}"
EndProject
Project("{2150E333-8FDC-42A3-9474-1A3956D46DE8}") = "Enums", "Enums", "{BDBE28EA-9DEC-4849-B9FE-78845422D2E5}"
EndProject
Project("{FAE04EC0-301F-11D3-BF4B-00C04F79EFBC}") = "Hashi.SolvedPuzzles.Interfaces", "PuzzleLoader\Hashi.SolvedPuzzles.Interfaces\Hashi.SolvedPuzzles.Interfaces.csproj", "{71FC7AFF-7660-4D8C-869E-44B6B42D9977}"
EndProject
Project("{FAE04EC0-301F-11D3-BF4B-00C04F79EFBC}") = "Hashi.Rules", "Solver\Hashi.Rules\Hashi.Rules.csproj", "{E2CEBC35-20D3-43EF-9548-10DE6484C42B}"
EndProject
Project("{FAE04EC0-301F-11D3-BF4B-00C04F79EFBC}") = "Hashi.Gui.Language", "Gui\Hashi.Gui.Language\Hashi.Gui.Language.csproj", "{774FFB34-2174-4488-9413-50A4A8A5B534}"
EndProject
Project("{FAE04EC0-301F-11D3-BF4B-00C04F79EFBC}") = "Hashi.Gui.Translation", "Gui\Hashi.Gui.Translation\Hashi.Gui.Translation.csproj", "{727F72AB-7821-4502-9FFB-CCE94DD1F751}"
EndProject
Project("{FAE04EC0-301F-11D3-BF4B-00C04F79EFBC}") = "Hashi.Rules.Test", "Tests\Hashi.Rules.Test\Hashi.Rules.Test.csproj", "{5F7D239A-3B55-4298-ACA5-F11C0BFBC1B2}"
EndProject
Project("{2150E333-8FDC-42A3-9474-1A3956D46DE8}") = "Tests", "Tests", "{A8676F02-566E-4E0B-BA45-CDE4ECDAB20E}"
EndProject
Project("{FAE04EC0-301F-11D3-BF4B-00C04F79EFBC}") = "Hashi.LinearSolver.Test", "Tests\Hashi.LinearSolver.Test\Hashi.LinearSolver.Test.csproj", "{04CF8973-9401-77C1-9F5D-D9D3E507B771}"
EndProject
Project("{2150E333-8FDC-42A3-9474-1A3956D46DE8}") = "Logging", "Logging", "{7C13DAC6-9980-40C8-88D1-7CC0DB8D8DDB}"
EndProject
Project("{FAE04EC0-301F-11D3-BF4B-00C04F79EFBC}") = "Hashi.Logging.Interfaces", "Logging\Hashi.Logging.Interfaces\Hashi.Logging.Interfaces.csproj", "{AC9FEF9E-21B0-4281-9336-AF61A92B43E1}"
EndProject
Project("{FAE04EC0-301F-11D3-BF4B-00C04F79EFBC}") = "Hashi.Logging", "Logging\Hashi.Logging\Hashi.Logging.csproj", "{F0EB34C7-047C-4540-A6C4-64EEA7F6A436}"
EndProject
Project("{FAE04EC0-301F-11D3-BF4B-00C04F79EFBC}") = "Hashi.TestCoverageResults", "Tests\Hashi.TestCoverageResults\Hashi.TestCoverageResults.csproj", "{3FEA632D-C95B-4E77-99F8-B9F8CB9AD9E3}"
EndProject
Global
	GlobalSection(SolutionConfigurationPlatforms) = preSolution
		Debug|Any CPU = Debug|Any CPU
		Release|Any CPU = Release|Any CPU
	EndGlobalSection
	GlobalSection(ProjectConfigurationPlatforms) = postSolution
		{E261B679-C699-4924-84CC-C378F28B343B}.Debug|Any CPU.ActiveCfg = Debug|Any CPU
		{E261B679-C699-4924-84CC-C378F28B343B}.Debug|Any CPU.Build.0 = Debug|Any CPU
		{E261B679-C699-4924-84CC-C378F28B343B}.Release|Any CPU.ActiveCfg = Release|Any CPU
		{E261B679-C699-4924-84CC-C378F28B343B}.Release|Any CPU.Build.0 = Release|Any CPU
		{2502E7E1-41CE-45B0-BD0A-9616DCDE26DB}.Debug|Any CPU.ActiveCfg = Debug|Any CPU
		{2502E7E1-41CE-45B0-BD0A-9616DCDE26DB}.Debug|Any CPU.Build.0 = Debug|Any CPU
		{2502E7E1-41CE-45B0-BD0A-9616DCDE26DB}.Release|Any CPU.ActiveCfg = Release|Any CPU
		{2502E7E1-41CE-45B0-BD0A-9616DCDE26DB}.Release|Any CPU.Build.0 = Release|Any CPU
		{7A045235-E054-452A-BD97-30F822BDD7C2}.Debug|Any CPU.ActiveCfg = Debug|Any CPU
		{7A045235-E054-452A-BD97-30F822BDD7C2}.Debug|Any CPU.Build.0 = Debug|Any CPU
		{7A045235-E054-452A-BD97-30F822BDD7C2}.Release|Any CPU.ActiveCfg = Release|Any CPU
		{7A045235-E054-452A-BD97-30F822BDD7C2}.Release|Any CPU.Build.0 = Release|Any CPU
		{825D7380-046A-4681-9735-7F2EA738CD51}.Debug|Any CPU.ActiveCfg = Debug|Any CPU
		{825D7380-046A-4681-9735-7F2EA738CD51}.Debug|Any CPU.Build.0 = Debug|Any CPU
		{825D7380-046A-4681-9735-7F2EA738CD51}.Release|Any CPU.ActiveCfg = Release|Any CPU
		{825D7380-046A-4681-9735-7F2EA738CD51}.Release|Any CPU.Build.0 = Release|Any CPU
		{99E1562C-4D9E-4313-A87D-2D7BED690008}.Debug|Any CPU.ActiveCfg = Debug|Any CPU
		{99E1562C-4D9E-4313-A87D-2D7BED690008}.Debug|Any CPU.Build.0 = Debug|Any CPU
		{99E1562C-4D9E-4313-A87D-2D7BED690008}.Release|Any CPU.ActiveCfg = Release|Any CPU
		{99E1562C-4D9E-4313-A87D-2D7BED690008}.Release|Any CPU.Build.0 = Release|Any CPU
		{0C07F4E6-3E1E-4EAA-A646-406E2E15D2F8}.Debug|Any CPU.ActiveCfg = Debug|Any CPU
		{0C07F4E6-3E1E-4EAA-A646-406E2E15D2F8}.Debug|Any CPU.Build.0 = Debug|Any CPU
		{0C07F4E6-3E1E-4EAA-A646-406E2E15D2F8}.Release|Any CPU.ActiveCfg = Release|Any CPU
		{0C07F4E6-3E1E-4EAA-A646-406E2E15D2F8}.Release|Any CPU.Build.0 = Release|Any CPU
		{C64A9C52-8169-41AA-9753-2BC014E5AF11}.Debug|Any CPU.ActiveCfg = Debug|Any CPU
		{C64A9C52-8169-41AA-9753-2BC014E5AF11}.Debug|Any CPU.Build.0 = Debug|Any CPU
		{C64A9C52-8169-41AA-9753-2BC014E5AF11}.Release|Any CPU.ActiveCfg = Release|Any CPU
		{C64A9C52-8169-41AA-9753-2BC014E5AF11}.Release|Any CPU.Build.0 = Release|Any CPU
		{A794D50F-2EE3-4A52-BE5A-9D04FDF561A3}.Debug|Any CPU.ActiveCfg = Debug|Any CPU
		{A794D50F-2EE3-4A52-BE5A-9D04FDF561A3}.Debug|Any CPU.Build.0 = Debug|Any CPU
		{A794D50F-2EE3-4A52-BE5A-9D04FDF561A3}.Release|Any CPU.ActiveCfg = Release|Any CPU
		{A794D50F-2EE3-4A52-BE5A-9D04FDF561A3}.Release|Any CPU.Build.0 = Release|Any CPU
		{25DC01CE-BB3C-46BD-905F-D3AE47B10044}.Debug|Any CPU.ActiveCfg = Debug|Any CPU
		{25DC01CE-BB3C-46BD-905F-D3AE47B10044}.Debug|Any CPU.Build.0 = Debug|Any CPU
		{25DC01CE-BB3C-46BD-905F-D3AE47B10044}.Release|Any CPU.ActiveCfg = Release|Any CPU
		{25DC01CE-BB3C-46BD-905F-D3AE47B10044}.Release|Any CPU.Build.0 = Release|Any CPU
		{2825EA8C-3D3B-4943-B121-1598EB4D1E98}.Debug|Any CPU.ActiveCfg = Debug|Any CPU
		{2825EA8C-3D3B-4943-B121-1598EB4D1E98}.Debug|Any CPU.Build.0 = Debug|Any CPU
		{2825EA8C-3D3B-4943-B121-1598EB4D1E98}.Release|Any CPU.ActiveCfg = Release|Any CPU
		{2825EA8C-3D3B-4943-B121-1598EB4D1E98}.Release|Any CPU.Build.0 = Release|Any CPU
		{05DD818A-5668-4DD3-9756-3CEA69A9B146}.Debug|Any CPU.ActiveCfg = Debug|Any CPU
		{05DD818A-5668-4DD3-9756-3CEA69A9B146}.Debug|Any CPU.Build.0 = Debug|Any CPU
		{05DD818A-5668-4DD3-9756-3CEA69A9B146}.Release|Any CPU.ActiveCfg = Release|Any CPU
		{05DD818A-5668-4DD3-9756-3CEA69A9B146}.Release|Any CPU.Build.0 = Release|Any CPU
		{71FC7AFF-7660-4D8C-869E-44B6B42D9977}.Debug|Any CPU.ActiveCfg = Debug|Any CPU
		{71FC7AFF-7660-4D8C-869E-44B6B42D9977}.Debug|Any CPU.Build.0 = Debug|Any CPU
		{71FC7AFF-7660-4D8C-869E-44B6B42D9977}.Release|Any CPU.ActiveCfg = Release|Any CPU
		{71FC7AFF-7660-4D8C-869E-44B6B42D9977}.Release|Any CPU.Build.0 = Release|Any CPU
		{E2CEBC35-20D3-43EF-9548-10DE6484C42B}.Debug|Any CPU.ActiveCfg = Debug|Any CPU
		{E2CEBC35-20D3-43EF-9548-10DE6484C42B}.Debug|Any CPU.Build.0 = Debug|Any CPU
		{E2CEBC35-20D3-43EF-9548-10DE6484C42B}.Release|Any CPU.ActiveCfg = Release|Any CPU
		{E2CEBC35-20D3-43EF-9548-10DE6484C42B}.Release|Any CPU.Build.0 = Release|Any CPU
		{774FFB34-2174-4488-9413-50A4A8A5B534}.Debug|Any CPU.ActiveCfg = Debug|Any CPU
		{774FFB34-2174-4488-9413-50A4A8A5B534}.Debug|Any CPU.Build.0 = Debug|Any CPU
		{774FFB34-2174-4488-9413-50A4A8A5B534}.Release|Any CPU.ActiveCfg = Release|Any CPU
		{774FFB34-2174-4488-9413-50A4A8A5B534}.Release|Any CPU.Build.0 = Release|Any CPU
		{727F72AB-7821-4502-9FFB-CCE94DD1F751}.Debug|Any CPU.ActiveCfg = Debug|Any CPU
		{727F72AB-7821-4502-9FFB-CCE94DD1F751}.Debug|Any CPU.Build.0 = Debug|Any CPU
		{727F72AB-7821-4502-9FFB-CCE94DD1F751}.Release|Any CPU.ActiveCfg = Release|Any CPU
		{727F72AB-7821-4502-9FFB-CCE94DD1F751}.Release|Any CPU.Build.0 = Release|Any CPU
		{5F7D239A-3B55-4298-ACA5-F11C0BFBC1B2}.Debug|Any CPU.ActiveCfg = Debug|Any CPU
		{5F7D239A-3B55-4298-ACA5-F11C0BFBC1B2}.Debug|Any CPU.Build.0 = Debug|Any CPU
		{5F7D239A-3B55-4298-ACA5-F11C0BFBC1B2}.Release|Any CPU.ActiveCfg = Release|Any CPU
		{5F7D239A-3B55-4298-ACA5-F11C0BFBC1B2}.Release|Any CPU.Build.0 = Release|Any CPU
		{04CF8973-9401-77C1-9F5D-D9D3E507B771}.Debug|Any CPU.ActiveCfg = Debug|Any CPU
		{04CF8973-9401-77C1-9F5D-D9D3E507B771}.Debug|Any CPU.Build.0 = Debug|Any CPU
		{04CF8973-9401-77C1-9F5D-D9D3E507B771}.Release|Any CPU.ActiveCfg = Release|Any CPU
		{04CF8973-9401-77C1-9F5D-D9D3E507B771}.Release|Any CPU.Build.0 = Release|Any CPU
		{AC9FEF9E-21B0-4281-9336-AF61A92B43E1}.Debug|Any CPU.ActiveCfg = Debug|Any CPU
		{AC9FEF9E-21B0-4281-9336-AF61A92B43E1}.Debug|Any CPU.Build.0 = Debug|Any CPU
		{AC9FEF9E-21B0-4281-9336-AF61A92B43E1}.Release|Any CPU.ActiveCfg = Release|Any CPU
		{AC9FEF9E-21B0-4281-9336-AF61A92B43E1}.Release|Any CPU.Build.0 = Release|Any CPU
		{F0EB34C7-047C-4540-A6C4-64EEA7F6A436}.Debug|Any CPU.ActiveCfg = Debug|Any CPU
		{F0EB34C7-047C-4540-A6C4-64EEA7F6A436}.Debug|Any CPU.Build.0 = Debug|Any CPU
		{F0EB34C7-047C-4540-A6C4-64EEA7F6A436}.Release|Any CPU.ActiveCfg = Release|Any CPU
		{F0EB34C7-047C-4540-A6C4-64EEA7F6A436}.Release|Any CPU.Build.0 = Release|Any CPU
		{3FEA632D-C95B-4E77-99F8-B9F8CB9AD9E3}.Debug|Any CPU.ActiveCfg = Debug|Any CPU
		{3FEA632D-C95B-4E77-99F8-B9F8CB9AD9E3}.Debug|Any CPU.Build.0 = Debug|Any CPU
		{3FEA632D-C95B-4E77-99F8-B9F8CB9AD9E3}.Release|Any CPU.ActiveCfg = Release|Any CPU
		{3FEA632D-C95B-4E77-99F8-B9F8CB9AD9E3}.Release|Any CPU.Build.0 = Release|Any CPU
	EndGlobalSection
	GlobalSection(SolutionProperties) = preSolution
		HideSolutionNode = FALSE
	EndGlobalSection
	GlobalSection(NestedProjects) = preSolution
		{E261B679-C699-4924-84CC-C378F28B343B} = {42E32D24-C908-4867-963C-F9C5D42BFB8E}
		{2502E7E1-41CE-45B0-BD0A-9616DCDE26DB} = {A8676F02-566E-4E0B-BA45-CDE4ECDAB20E}
		{7A045235-E054-452A-BD97-30F822BDD7C2} = {02EA681E-C7D8-13C7-8484-4AC65E1B71E8}
		{825D7380-046A-4681-9735-7F2EA738CD51} = {A4970D87-F080-47AC-9650-8B40B25F6897}
		{99E1562C-4D9E-4313-A87D-2D7BED690008} = {5C707C29-0CBF-454F-A848-87EDDEC2F0AE}
		{0C07F4E6-3E1E-4EAA-A646-406E2E15D2F8} = {42E32D24-C908-4867-963C-F9C5D42BFB8E}
		{C64A9C52-8169-41AA-9753-2BC014E5AF11} = {BDBE28EA-9DEC-4849-B9FE-78845422D2E5}
		{A794D50F-2EE3-4A52-BE5A-9D04FDF561A3} = {02EA681E-C7D8-13C7-8484-4AC65E1B71E8}
		{25DC01CE-BB3C-46BD-905F-D3AE47B10044} = {A4970D87-F080-47AC-9650-8B40B25F6897}
		{2825EA8C-3D3B-4943-B121-1598EB4D1E98} = {A8676F02-566E-4E0B-BA45-CDE4ECDAB20E}
		{05DD818A-5668-4DD3-9756-3CEA69A9B146} = {A8676F02-566E-4E0B-BA45-CDE4ECDAB20E}
		{71FC7AFF-7660-4D8C-869E-44B6B42D9977} = {5C707C29-0CBF-454F-A848-87EDDEC2F0AE}
		{E2CEBC35-20D3-43EF-9548-10DE6484C42B} = {A4970D87-F080-47AC-9650-8B40B25F6897}
		{774FFB34-2174-4488-9413-50A4A8A5B534} = {42E32D24-C908-4867-963C-F9C5D42BFB8E}
		{727F72AB-7821-4502-9FFB-CCE94DD1F751} = {42E32D24-C908-4867-963C-F9C5D42BFB8E}
		{5F7D239A-3B55-4298-ACA5-F11C0BFBC1B2} = {A8676F02-566E-4E0B-BA45-CDE4ECDAB20E}
		{04CF8973-9401-77C1-9F5D-D9D3E507B771} = {A8676F02-566E-4E0B-BA45-CDE4ECDAB20E}
		{AC9FEF9E-21B0-4281-9336-AF61A92B43E1} = {7C13DAC6-9980-40C8-88D1-7CC0DB8D8DDB}
		{F0EB34C7-047C-4540-A6C4-64EEA7F6A436} = {7C13DAC6-9980-40C8-88D1-7CC0DB8D8DDB}
		{3FEA632D-C95B-4E77-99F8-B9F8CB9AD9E3} = {A8676F02-566E-4E0B-BA45-CDE4ECDAB20E}
	EndGlobalSection
	GlobalSection(ExtensibilityGlobals) = postSolution
		SolutionGuid = {44AAC170-FFE4-48F9-AA74-BBE3AD5F8ECF}
	EndGlobalSection
EndGlobal
