
Microsoft Visual Studio Solution File, Format Version 12.00
# Visual Studio Version 17
VisualStudioVersion = 17.13.35828.75
MinimumVisualStudioVersion = 10.0.40219.1
Project("{FAE04EC0-301F-11D3-BF4B-00C04F79EFBC}") = "Hashi.Gui", "Hashi.Gui\Hashi.Gui.csproj", "{E261B679-C699-4924-84CC-C378F28B343B}"
EndProject
Project("{FAE04EC0-301F-11D3-BF4B-00C04F79EFBC}") = "Hashi.Gui.Test", "Hashi.Gui.Test\Hashi.Gui.Test.csproj", "{2502E7E1-41CE-45B0-BD0A-9616DCDE26DB}"
EndProject
Project("{FAE04EC0-301F-11D3-BF4B-00C04F79EFBC}") = "Hashi.Generator", "Hashi.Generator\Hashi.Generator.csproj", "{7A045235-E054-452A-BD97-30F822BDD7C2}"
EndProject
Project("{FAE04EC0-301F-11D3-BF4B-00C04F79EFBC}") = "Hashi.LinearSolver", "Hashi.LinearSolver\Hashi.LinearSolver.csproj", "{825D7380-046A-4681-9735-7F2EA738CD51}"
EndProject
Project("{FAE04EC0-301F-11D3-BF4B-00C04F79EFBC}") = "Hashi.SolvedPuzzles", "Hashi.SolvedPuzzles\Hashi.SolvedPuzzles.csproj", "{99E1562C-4D9E-4313-A87D-2D7BED690008}"
EndProject
Global
	GlobalSection(SolutionConfigurationPlatforms) = preSolution
		Debug|Any CPU = Debug|Any CPU
		Release|Any CPU = Release|Any CPU
	EndGlobalSection
	GlobalSection(ProjectConfigurationPlatforms) = postSolution
		{E261B679-C699-4924-84CC-C378F28B343B}.Debug|Any CPU.ActiveCfg = Debug|Any CPU
		{E261B679-C699-4924-84CC-C378F28B343B}.Debug|Any CPU.Build.0 = Debug|Any CPU
		{E261B679-C699-4924-84CC-C378F28B343B}.Release|Any CPU.ActiveCfg = Release|Any CPU
		{E261B679-C699-4924-84CC-C378F28B343B}.Release|Any CPU.Build.0 = Release|Any CPU
		{2502E7E1-41CE-45B0-BD0A-9616DCDE26DB}.Debug|Any CPU.ActiveCfg = Debug|Any CPU
		{2502E7E1-41CE-45B0-BD0A-9616DCDE26DB}.Debug|Any CPU.Build.0 = Debug|Any CPU
		{2502E7E1-41CE-45B0-BD0A-9616DCDE26DB}.Release|Any CPU.ActiveCfg = Release|Any CPU
		{2502E7E1-41CE-45B0-BD0A-9616DCDE26DB}.Release|Any CPU.Build.0 = Release|Any CPU
		{7A045235-E054-452A-BD97-30F822BDD7C2}.Debug|Any CPU.ActiveCfg = Debug|Any CPU
		{7A045235-E054-452A-BD97-30F822BDD7C2}.Debug|Any CPU.Build.0 = Debug|Any CPU
		{7A045235-E054-452A-BD97-30F822BDD7C2}.Release|Any CPU.ActiveCfg = Release|Any CPU
		{7A045235-E054-452A-BD97-30F822BDD7C2}.Release|Any CPU.Build.0 = Release|Any CPU
		{825D7380-046A-4681-9735-7F2EA738CD51}.Debug|Any CPU.ActiveCfg = Debug|Any CPU
		{825D7380-046A-4681-9735-7F2EA738CD51}.Debug|Any CPU.Build.0 = Debug|Any CPU
		{825D7380-046A-4681-9735-7F2EA738CD51}.Release|Any CPU.ActiveCfg = Release|Any CPU
		{825D7380-046A-4681-9735-7F2EA738CD51}.Release|Any CPU.Build.0 = Release|Any CPU
		{99E1562C-4D9E-4313-A87D-2D7BED690008}.Debug|Any CPU.ActiveCfg = Debug|Any CPU
		{99E1562C-4D9E-4313-A87D-2D7BED690008}.Debug|Any CPU.Build.0 = Debug|Any CPU
		{99E1562C-4D9E-4313-A87D-2D7BED690008}.Release|Any CPU.ActiveCfg = Release|Any CPU
		{99E1562C-4D9E-4313-A87D-2D7BED690008}.Release|Any CPU.Build.0 = Release|Any CPU
	EndGlobalSection
	GlobalSection(SolutionProperties) = preSolution
		HideSolutionNode = FALSE
	EndGlobalSection
	GlobalSection(ExtensibilityGlobals) = postSolution
		SolutionGuid = {44AAC170-FFE4-48F9-AA74-BBE3AD5F8ECF}
	EndGlobalSection
EndGlobal
